# THIS IS AN AUTOGENERATED FILE. DO NOT EDIT THIS FILE DIRECTLY.
# yarn lockfile v1


react-native-phone-call@^1.2.0:
  version "1.2.0"
  resolved "https://registry.yarnpkg.com/react-native-phone-call/-/react-native-phone-call-1.2.0.tgz#11c28120f9528647167b58742ebb7225f52d28c1"
  integrity sha512-M1CiocX8w7YNsh3Cwcnwc3eUkIJOPaBIQji3P9Uv/ZWAwb6XGI2NtV2UBSAa4Prvn6ooXeFPZs/YXmeTHmVHKg==
